
Microsoft Visual Studio Solution File, Format Version 12.00
# Visual Studio Version 17
VisualStudioVersion = 17.11.35312.102
MinimumVisualStudioVersion = 10.0.40219.1
Project("{FAE04EC0-301F-11D3-BF4B-00C04F79EFBC}") = "Rocket", "Rocket\Rocket.csproj", "{C1A192FE-FE28-4456-B6CD-1F70CDA9E252}"
EndProject
Global
	GlobalSection(SolutionConfigurationPlatforms) = preSolution
		Debug|Any CPU = Debug|Any CPU
		Release|Any CPU = Release|Any CPU
	EndGlobalSection
	GlobalSection(ProjectConfigurationPlatforms) = postSolution
		{C1A192FE-FE28-4456-B6CD-1F70CDA9E252}.Debug|Any CPU.ActiveCfg = Debug|Any CPU
		{C1A192FE-FE28-4456-B6CD-1F70CDA9E252}.Debug|Any CPU.Build.0 = Debug|Any CPU
		{C1A192FE-FE28-4456-B6CD-1F70CDA9E252}.Release|Any CPU.ActiveCfg = Release|Any CPU
		{C1A192FE-FE28-4456-B6CD-1F70CDA9E252}.Release|Any CPU.Build.0 = Release|Any CPU
	EndGlobalSection
	GlobalSection(SolutionProperties) = preSolution
		HideSolutionNode = FALSE
	EndGlobalSection
	GlobalSection(ExtensibilityGlobals) = postSolution
		SolutionGuid = {48C09A10-AD14-448A-8F06-E167F87214E2}
	EndGlobalSection
EndGlobal
